Microsoft Visual Studio Solution File, Format Version 12.00
#
Project("{2150E333-8FDC-42A3-9474-1A3956D46DE8}") = "DesperateDevs", "DesperateDevs", "{CDB9D180-8C4D-4506-8361-4F560D1E6746}"
EndProject
Project("{FAE04EC0-301F-11D3-BF4B-00C04F79EFBC}") = "DesperateDevs.Benchmarks", "src/DesperateDevs/benchmarks/DesperateDevs.Benchmarks.csproj", "{E38C2584-8F0A-481C-B668-1DC91A31CF9E}"
EndProject
Project("{FAE04EC0-301F-11D3-BF4B-00C04F79EFBC}") = "DesperateDevs.Tests", "src/DesperateDevs/tests/DesperateDevs.Tests.csproj", "{86DCBC58-2351-4730-A500-684753C8DAAE}"
EndProject
Project("{2150E333-8FDC-42A3-9474-1A3956D46DE8}") = "DesperateDevs.Caching", "DesperateDevs.Caching", "{8BA88C37-B258-4DD6-941F-4913FB7F96C2}"
EndProject
Project("{FAE04EC0-301F-11D3-BF4B-00C04F79EFBC}") = "DesperateDevs.Caching", "src/DesperateDevs.Caching/src/DesperateDevs.Caching.csproj", "{0E668B24-A62C-4AE3-A725-27A05238A403}"
EndProject
Project("{FAE04EC0-301F-11D3-BF4B-00C04F79EFBC}") = "DesperateDevs.Caching.Tests", "src/DesperateDevs.Caching/tests/DesperateDevs.Caching.Tests.csproj", "{E3EEF33E-D536-4084-9AD7-C4654E0A3857}"
EndProject
Project("{2150E333-8FDC-42A3-9474-1A3956D46DE8}") = "DesperateDevs.Cli.Utils", "DesperateDevs.Cli.Utils", "{C69CDE77-3860-4BC8-9ABD-A7F5C2416ECD}"
EndProject
Project("{FAE04EC0-301F-11D3-BF4B-00C04F79EFBC}") = "DesperateDevs.Cli.Utils", "src/DesperateDevs.Cli.Utils/src/DesperateDevs.Cli.Utils.csproj", "{8867EE00-6581-4EE0-AC50-F1946D3B852B}"
EndProject
Project("{FAE04EC0-301F-11D3-BF4B-00C04F79EFBC}") = "DesperateDevs.Cli.Utils.Tests", "src/DesperateDevs.Cli.Utils/tests/DesperateDevs.Cli.Utils.Tests.csproj", "{ACD14402-AAF4-4875-A94C-E4137F037E34}"
EndProject
Project("{FAE04EC0-301F-11D3-BF4B-00C04F79EFBC}") = "DesperateDevs.Cli.Utils.Tests.Program", "src/DesperateDevs.Cli.Utils/fixtures/DesperateDevs.Cli.Utils.Tests.Program/DesperateDevs.Cli.Utils.Tests.Program.csproj", "{5169F477-31B7-40C2-B8CE-A5BE9D6318D5}"
EndProject
Project("{2150E333-8FDC-42A3-9474-1A3956D46DE8}") = "DesperateDevs.Extensions", "DesperateDevs.Extensions", "{C843B1D1-C099-4486-AF34-A5D8412244F6}"
EndProject
Project("{FAE04EC0-301F-11D3-BF4B-00C04F79EFBC}") = "DesperateDevs.Extensions", "src/DesperateDevs.Extensions/src/DesperateDevs.Extensions.csproj", "{091EB29B-5064-4D0C-93FA-E55DB331BAAA}"
EndProject
Project("{FAE04EC0-301F-11D3-BF4B-00C04F79EFBC}") = "DesperateDevs.Extensions.Benchmarks", "src/DesperateDevs.Extensions/benchmarks/DesperateDevs.Extensions.Benchmarks.csproj", "{9369C7F0-A0D7-4F0F-BACF-6A3E6CC8AEAA}"
EndProject
Project("{FAE04EC0-301F-11D3-BF4B-00C04F79EFBC}") = "DesperateDevs.Extensions.Tests", "src/DesperateDevs.Extensions/tests/DesperateDevs.Extensions.Tests.csproj", "{AF455105-4F9D-4CB1-BB3F-08F8E5EB7188}"
EndProject
Project("{2150E333-8FDC-42A3-9474-1A3956D46DE8}") = "DesperateDevs.Reflection", "DesperateDevs.Reflection", "{55AA5FC3-2145-4CCB-891E-F2FF721883C0}"
EndProject
Project("{FAE04EC0-301F-11D3-BF4B-00C04F79EFBC}") = "DesperateDevs.Reflection", "src/DesperateDevs.Reflection/src/DesperateDevs.Reflection.csproj", "{7D21F6F8-BEE6-4166-9782-5C7CA9B790BA}"
EndProject
Project("{FAE04EC0-301F-11D3-BF4B-00C04F79EFBC}") = "DesperateDevs.Reflection.Tests", "src/DesperateDevs.Reflection/tests/DesperateDevs.Reflection.Tests.csproj", "{BB5985FE-10A5-4D6E-B961-D93F19EBCB23}"
EndProject
Project("{FAE04EC0-301F-11D3-BF4B-00C04F79EFBC}") = "DesperateDevs.Reflection.Tests.Project1", "src/DesperateDevs.Reflection/fixtures/DesperateDevs.Reflection.Tests.Project1/DesperateDevs.Reflection.Tests.Project1.csproj", "{8BFDF954-F135-48FF-AFC0-6E41B5B68573}"
EndProject
Project("{FAE04EC0-301F-11D3-BF4B-00C04F79EFBC}") = "DesperateDevs.Reflection.Tests.Project2", "src/DesperateDevs.Reflection/fixtures/DesperateDevs.Reflection.Tests.Project2/DesperateDevs.Reflection.Tests.Project2.csproj", "{61D2E6FF-E421-44EA-9C67-F67ADDD9B249}"
EndProject
Project("{2150E333-8FDC-42A3-9474-1A3956D46DE8}") = "DesperateDevs.Roslyn", "DesperateDevs.Roslyn", "{C046596C-9429-454B-AEAE-D558D6E8158F}"
EndProject
Project("{FAE04EC0-301F-11D3-BF4B-00C04F79EFBC}") = "DesperateDevs.Roslyn", "src/DesperateDevs.Roslyn/src/DesperateDevs.Roslyn.csproj", "{9F87BF24-577F-426E-B308-F4E93A33FE02}"
EndProject
Project("{FAE04EC0-301F-11D3-BF4B-00C04F79EFBC}") = "DesperateDevs.Roslyn.Tests", "src/DesperateDevs.Roslyn/tests/DesperateDevs.Roslyn.Tests.csproj", "{3A8C7CA2-FDE1-49C6-9183-7E6A9ED2003F}"
EndProject
Project("{2150E333-8FDC-42A3-9474-1A3956D46DE8}") = "DesperateDevs.Serialization", "DesperateDevs.Serialization", "{88C9719D-3D76-4027-86E1-AD64B28962BA}"
EndProject
Project("{FAE04EC0-301F-11D3-BF4B-00C04F79EFBC}") = "DesperateDevs.Serialization", "src/DesperateDevs.Serialization/src/DesperateDevs.Serialization.csproj", "{36AC311F-34FF-4BF0-B144-AA50A2A19EB3}"
EndProject
Project("{FAE04EC0-301F-11D3-BF4B-00C04F79EFBC}") = "DesperateDevs.Serialization.Benchmarks", "src/DesperateDevs.Serialization/benchmarks/DesperateDevs.Serialization.Benchmarks.csproj", "{77C42B7C-AEAE-411B-9335-F4A521AAD879}"
EndProject
Project("{FAE04EC0-301F-11D3-BF4B-00C04F79EFBC}") = "DesperateDevs.Serialization.Tests", "src/DesperateDevs.Serialization/tests/DesperateDevs.Serialization.Tests.csproj", "{ADD0A13F-9D8E-4907-BBA1-0E4E89A7481C}"
EndProject
Project("{2150E333-8FDC-42A3-9474-1A3956D46DE8}") = "DesperateDevs.Serialization.Cli.Utils", "DesperateDevs.Serialization.Cli.Utils", "{9CB0FB67-2D69-43AE-ADC4-2330419B2B1A}"
EndProject
Project("{FAE04EC0-301F-11D3-BF4B-00C04F79EFBC}") = "DesperateDevs.Serialization.Cli.Utils", "src/DesperateDevs.Serialization.Cli.Utils/src/DesperateDevs.Serialization.Cli.Utils.csproj", "{687A13C7-5996-455A-83F2-D8CAA28A9032}"
EndProject
Project("{FAE04EC0-301F-11D3-BF4B-00C04F79EFBC}") = "DesperateDevs.Serialization.Cli.Utils.Tests", "src/DesperateDevs.Serialization.Cli.Utils/tests/DesperateDevs.Serialization.Cli.Utils.Tests.csproj", "{861C22D7-05F5-4AC9-ADE8-B18CD6101516}"
EndProject
Project("{2150E333-8FDC-42A3-9474-1A3956D46DE8}") = "DesperateDevs.Threading", "DesperateDevs.Threading", "{BFF493EC-5867-42F0-AC3A-C0701B92B552}"
EndProject
Project("{FAE04EC0-301F-11D3-BF4B-00C04F79EFBC}") = "DesperateDevs.Threading", "src/DesperateDevs.Threading/src/DesperateDevs.Threading.csproj", "{E412A694-B7BF-4633-B612-60137D401363}"
EndProject
Project("{FAE04EC0-301F-11D3-BF4B-00C04F79EFBC}") = "DesperateDevs.Threading.Tests", "src/DesperateDevs.Threading/tests/DesperateDevs.Threading.Tests.csproj", "{C23782BC-EF4C-4A94-BDE8-4A1B83FDFC7E}"
EndProject
Project("{2150E333-8FDC-42A3-9474-1A3956D46DE8}") = "DesperateDevs.Unity", "DesperateDevs.Unity", "{D986BA75-F59B-499A-ADC5-D917765BC68D}"
EndProject
Project("{FAE04EC0-301F-11D3-BF4B-00C04F79EFBC}") = "DesperateDevs.Unity", "src/DesperateDevs.Unity/src/DesperateDevs.Unity.csproj", "{8C153439-05B7-4446-BF7F-437775B9521B}"
EndProject
Project("{2150E333-8FDC-42A3-9474-1A3956D46DE8}") = "DesperateDevs.Unity.Editor", "DesperateDevs.Unity.Editor", "{BE1641D9-9D6C-4B7C-96F1-5E6B09BC7816}"
EndProject
Project("{FAE04EC0-301F-11D3-BF4B-00C04F79EFBC}") = "DesperateDevs.Unity.Editor", "src/DesperateDevs.Unity.Editor/src/DesperateDevs.Unity.Editor.csproj", "{7E8275B1-672A-46F8-91F3-8803C1E46306}"
EndProject
Project("{2150E333-8FDC-42A3-9474-1A3956D46DE8}") = "Jenny", "Jenny", "{B9CB9EEA-2AC9-439A-A957-B09FE93383EB}"
EndProject
Project("{FAE04EC0-301F-11D3-BF4B-00C04F79EFBC}") = "Jenny", "src/Jenny/src/Jenny.csproj", "{370ABE75-8DBF-453F-8435-719F6ED545E3}"
EndProject
Project("{FAE04EC0-301F-11D3-BF4B-00C04F79EFBC}") = "Jenny.Benchmarks", "src/Jenny/benchmarks/Jenny.Benchmarks.csproj", "{9BE401A1-2214-47F1-8A19-AC9AD76C0098}"
EndProject
Project("{FAE04EC0-301F-11D3-BF4B-00C04F79EFBC}") = "Jenny.Tests", "src/Jenny/tests/Jenny.Tests.csproj", "{63F8DC8A-C976-4B14-91AA-12BB0E6227D4}"
EndProject
Project("{2150E333-8FDC-42A3-9474-1A3956D46DE8}") = "Jenny.Generator", "Jenny.Generator", "{B26FE6BE-C6CB-4617-965E-6CB9A8EA9749}"
EndProject
Project("{FAE04EC0-301F-11D3-BF4B-00C04F79EFBC}") = "Jenny.Generator", "src/Jenny.Generator/src/Jenny.Generator.csproj", "{9B95FD72-70DD-4CB5-8620-466C5201B8BD}"
EndProject
Project("{FAE04EC0-301F-11D3-BF4B-00C04F79EFBC}") = "Jenny.Generator.Tests", "src/Jenny.Generator/tests/Jenny.Generator.Tests.csproj", "{CDA1CF66-E39F-418F-A275-1BBD6A077453}"
EndProject
Project("{2150E333-8FDC-42A3-9474-1A3956D46DE8}") = "Jenny.Generator.Cli", "Jenny.Generator.Cli", "{B6F14DE9-1EC2-435D-8864-020E6BB2D1F5}"
EndProject
Project("{FAE04EC0-301F-11D3-BF4B-00C04F79EFBC}") = "Jenny.Generator.Cli", "src/Jenny.Generator.Cli/src/Jenny.Generator.Cli.csproj", "{A45BF04B-61D4-4AA8-B829-3F891C13B6DB}"
EndProject
Project("{2150E333-8FDC-42A3-9474-1A3956D46DE8}") = "Jenny.Generator.Unity.Editor", "Jenny.Generator.Unity.Editor", "{35C88A6B-8460-4EBF-A3F7-E3980F5A444A}"
EndProject
Project("{FAE04EC0-301F-11D3-BF4B-00C04F79EFBC}") = "Jenny.Generator.Unity.Editor", "src/Jenny.Generator.Unity.Editor/src/Jenny.Generator.Unity.Editor.csproj", "{C9B6C39B-D714-49FD-AE7D-5FB186412D8A}"
EndProject
Project("{2150E333-8FDC-42A3-9474-1A3956D46DE8}") = "Jenny.Plugins", "Jenny.Plugins", "{33DF30BE-2045-4A4D-9145-0E7000C922FD}"
EndProject
Project("{FAE04EC0-301F-11D3-BF4B-00C04F79EFBC}") = "Jenny.Plugins", "src/Jenny.Plugins/src/Jenny.Plugins.csproj", "{20D63131-A16E-4C0A-96FB-ECBFA7E95448}"
EndProject
Project("{FAE04EC0-301F-11D3-BF4B-00C04F79EFBC}") = "Jenny.Plugins.Tests", "src/Jenny.Plugins/tests/Jenny.Plugins.Tests.csproj", "{7C883191-2FBD-403B-892A-14FF1654918D}"
EndProject
Project("{2150E333-8FDC-42A3-9474-1A3956D46DE8}") = "Jenny.Plugins.Roslyn", "Jenny.Plugins.Roslyn", "{B006BB08-6CDD-4420-81CE-0297942659C4}"
EndProject
Project("{FAE04EC0-301F-11D3-BF4B-00C04F79EFBC}") = "Jenny.Plugins.Roslyn", "src/Jenny.Plugins.Roslyn/src/Jenny.Plugins.Roslyn.csproj", "{27FF899D-5D0D-4E88-BE53-6AFC2940A3B5}"
EndProject
Project("{2150E333-8FDC-42A3-9474-1A3956D46DE8}") = "Jenny.Plugins.Unity", "Jenny.Plugins.Unity", "{8C2B0C2B-E565-49F3-9C29-BD5108B0F6A9}"
EndProject
Project("{FAE04EC0-301F-11D3-BF4B-00C04F79EFBC}") = "Jenny.Plugins.Unity", "src/Jenny.Plugins.Unity/src/Jenny.Plugins.Unity.csproj", "{E8B94BBE-C1AF-44D1-95A1-FC1AAC79F711}"
EndProject
Global
	GlobalSection(SolutionConfigurationPlatforms) = preSolution
		Debug|Any CPU = Debug|Any CPU
		Release|Any CPU = Release|Any CPU
	EndGlobalSection
	GlobalSection(ProjectConfigurationPlatforms) = postSolution
		{E38C2584-8F0A-481C-B668-1DC91A31CF9E}.Debug|Any CPU.ActiveCfg = Debug|Any CPU
		{E38C2584-8F0A-481C-B668-1DC91A31CF9E}.Debug|Any CPU.Build.0 = Debug|Any CPU
		{E38C2584-8F0A-481C-B668-1DC91A31CF9E}.Release|Any CPU.ActiveCfg = Release|Any CPU
		{E38C2584-8F0A-481C-B668-1DC91A31CF9E}.Release|Any CPU.Build.0 = Release|Any CPU
		{86DCBC58-2351-4730-A500-684753C8DAAE}.Debug|Any CPU.ActiveCfg = Debug|Any CPU
		{86DCBC58-2351-4730-A500-684753C8DAAE}.Debug|Any CPU.Build.0 = Debug|Any CPU
		{86DCBC58-2351-4730-A500-684753C8DAAE}.Release|Any CPU.ActiveCfg = Release|Any CPU
		{86DCBC58-2351-4730-A500-684753C8DAAE}.Release|Any CPU.Build.0 = Release|Any CPU
		{0E668B24-A62C-4AE3-A725-27A05238A403}.Debug|Any CPU.ActiveCfg = Debug|Any CPU
		{0E668B24-A62C-4AE3-A725-27A05238A403}.Debug|Any CPU.Build.0 = Debug|Any CPU
		{0E668B24-A62C-4AE3-A725-27A05238A403}.Release|Any CPU.ActiveCfg = Release|Any CPU
		{0E668B24-A62C-4AE3-A725-27A05238A403}.Release|Any CPU.Build.0 = Release|Any CPU
		{E3EEF33E-D536-4084-9AD7-C4654E0A3857}.Debug|Any CPU.ActiveCfg = Debug|Any CPU
		{E3EEF33E-D536-4084-9AD7-C4654E0A3857}.Debug|Any CPU.Build.0 = Debug|Any CPU
		{E3EEF33E-D536-4084-9AD7-C4654E0A3857}.Release|Any CPU.ActiveCfg = Release|Any CPU
		{E3EEF33E-D536-4084-9AD7-C4654E0A3857}.Release|Any CPU.Build.0 = Release|Any CPU
		{8867EE00-6581-4EE0-AC50-F1946D3B852B}.Debug|Any CPU.ActiveCfg = Debug|Any CPU
		{8867EE00-6581-4EE0-AC50-F1946D3B852B}.Debug|Any CPU.Build.0 = Debug|Any CPU
		{8867EE00-6581-4EE0-AC50-F1946D3B852B}.Release|Any CPU.ActiveCfg = Release|Any CPU
		{8867EE00-6581-4EE0-AC50-F1946D3B852B}.Release|Any CPU.Build.0 = Release|Any CPU
		{ACD14402-AAF4-4875-A94C-E4137F037E34}.Debug|Any CPU.ActiveCfg = Debug|Any CPU
		{ACD14402-AAF4-4875-A94C-E4137F037E34}.Debug|Any CPU.Build.0 = Debug|Any CPU
		{ACD14402-AAF4-4875-A94C-E4137F037E34}.Release|Any CPU.ActiveCfg = Release|Any CPU
		{ACD14402-AAF4-4875-A94C-E4137F037E34}.Release|Any CPU.Build.0 = Release|Any CPU
		{5169F477-31B7-40C2-B8CE-A5BE9D6318D5}.Debug|Any CPU.ActiveCfg = Debug|Any CPU
		{5169F477-31B7-40C2-B8CE-A5BE9D6318D5}.Debug|Any CPU.Build.0 = Debug|Any CPU
		{5169F477-31B7-40C2-B8CE-A5BE9D6318D5}.Release|Any CPU.ActiveCfg = Release|Any CPU
		{5169F477-31B7-40C2-B8CE-A5BE9D6318D5}.Release|Any CPU.Build.0 = Release|Any CPU
		{091EB29B-5064-4D0C-93FA-E55DB331BAAA}.Debug|Any CPU.ActiveCfg = Debug|Any CPU
		{091EB29B-5064-4D0C-93FA-E55DB331BAAA}.Debug|Any CPU.Build.0 = Debug|Any CPU
		{091EB29B-5064-4D0C-93FA-E55DB331BAAA}.Release|Any CPU.ActiveCfg = Release|Any CPU
		{091EB29B-5064-4D0C-93FA-E55DB331BAAA}.Release|Any CPU.Build.0 = Release|Any CPU
		{9369C7F0-A0D7-4F0F-BACF-6A3E6CC8AEAA}.Debug|Any CPU.ActiveCfg = Debug|Any CPU
		{9369C7F0-A0D7-4F0F-BACF-6A3E6CC8AEAA}.Debug|Any CPU.Build.0 = Debug|Any CPU
		{9369C7F0-A0D7-4F0F-BACF-6A3E6CC8AEAA}.Release|Any CPU.ActiveCfg = Release|Any CPU
		{9369C7F0-A0D7-4F0F-BACF-6A3E6CC8AEAA}.Release|Any CPU.Build.0 = Release|Any CPU
		{AF455105-4F9D-4CB1-BB3F-08F8E5EB7188}.Debug|Any CPU.ActiveCfg = Debug|Any CPU
		{AF455105-4F9D-4CB1-BB3F-08F8E5EB7188}.Debug|Any CPU.Build.0 = Debug|Any CPU
		{AF455105-4F9D-4CB1-BB3F-08F8E5EB7188}.Release|Any CPU.ActiveCfg = Release|Any CPU
		{AF455105-4F9D-4CB1-BB3F-08F8E5EB7188}.Release|Any CPU.Build.0 = Release|Any CPU
		{7D21F6F8-BEE6-4166-9782-5C7CA9B790BA}.Debug|Any CPU.ActiveCfg = Debug|Any CPU
		{7D21F6F8-BEE6-4166-9782-5C7CA9B790BA}.Debug|Any CPU.Build.0 = Debug|Any CPU
		{7D21F6F8-BEE6-4166-9782-5C7CA9B790BA}.Release|Any CPU.ActiveCfg = Release|Any CPU
		{7D21F6F8-BEE6-4166-9782-5C7CA9B790BA}.Release|Any CPU.Build.0 = Release|Any CPU
		{BB5985FE-10A5-4D6E-B961-D93F19EBCB23}.Debug|Any CPU.ActiveCfg = Debug|Any CPU
		{BB5985FE-10A5-4D6E-B961-D93F19EBCB23}.Debug|Any CPU.Build.0 = Debug|Any CPU
		{BB5985FE-10A5-4D6E-B961-D93F19EBCB23}.Release|Any CPU.ActiveCfg = Release|Any CPU
		{BB5985FE-10A5-4D6E-B961-D93F19EBCB23}.Release|Any CPU.Build.0 = Release|Any CPU
		{8BFDF954-F135-48FF-AFC0-6E41B5B68573}.Debug|Any CPU.ActiveCfg = Debug|Any CPU
		{8BFDF954-F135-48FF-AFC0-6E41B5B68573}.Debug|Any CPU.Build.0 = Debug|Any CPU
		{8BFDF954-F135-48FF-AFC0-6E41B5B68573}.Release|Any CPU.ActiveCfg = Release|Any CPU
		{8BFDF954-F135-48FF-AFC0-6E41B5B68573}.Release|Any CPU.Build.0 = Release|Any CPU
		{61D2E6FF-E421-44EA-9C67-F67ADDD9B249}.Debug|Any CPU.ActiveCfg = Debug|Any CPU
		{61D2E6FF-E421-44EA-9C67-F67ADDD9B249}.Debug|Any CPU.Build.0 = Debug|Any CPU
		{61D2E6FF-E421-44EA-9C67-F67ADDD9B249}.Release|Any CPU.ActiveCfg = Release|Any CPU
		{61D2E6FF-E421-44EA-9C67-F67ADDD9B249}.Release|Any CPU.Build.0 = Release|Any CPU
		{9F87BF24-577F-426E-B308-F4E93A33FE02}.Debug|Any CPU.ActiveCfg = Debug|Any CPU
		{9F87BF24-577F-426E-B308-F4E93A33FE02}.Debug|Any CPU.Build.0 = Debug|Any CPU
		{9F87BF24-577F-426E-B308-F4E93A33FE02}.Release|Any CPU.ActiveCfg = Release|Any CPU
		{9F87BF24-577F-426E-B308-F4E93A33FE02}.Release|Any CPU.Build.0 = Release|Any CPU
		{3A8C7CA2-FDE1-49C6-9183-7E6A9ED2003F}.Debug|Any CPU.ActiveCfg = Debug|Any CPU
		{3A8C7CA2-FDE1-49C6-9183-7E6A9ED2003F}.Debug|Any CPU.Build.0 = Debug|Any CPU
		{3A8C7CA2-FDE1-49C6-9183-7E6A9ED2003F}.Release|Any CPU.ActiveCfg = Release|Any CPU
		{3A8C7CA2-FDE1-49C6-9183-7E6A9ED2003F}.Release|Any CPU.Build.0 = Release|Any CPU
		{36AC311F-34FF-4BF0-B144-AA50A2A19EB3}.Debug|Any CPU.ActiveCfg = Debug|Any CPU
		{36AC311F-34FF-4BF0-B144-AA50A2A19EB3}.Debug|Any CPU.Build.0 = Debug|Any CPU
		{36AC311F-34FF-4BF0-B144-AA50A2A19EB3}.Release|Any CPU.ActiveCfg = Release|Any CPU
		{36AC311F-34FF-4BF0-B144-AA50A2A19EB3}.Release|Any CPU.Build.0 = Release|Any CPU
		{77C42B7C-AEAE-411B-9335-F4A521AAD879}.Debug|Any CPU.ActiveCfg = Debug|Any CPU
		{77C42B7C-AEAE-411B-9335-F4A521AAD879}.Debug|Any CPU.Build.0 = Debug|Any CPU
		{77C42B7C-AEAE-411B-9335-F4A521AAD879}.Release|Any CPU.ActiveCfg = Release|Any CPU
		{77C42B7C-AEAE-411B-9335-F4A521AAD879}.Release|Any CPU.Build.0 = Release|Any CPU
		{ADD0A13F-9D8E-4907-BBA1-0E4E89A7481C}.Debug|Any CPU.ActiveCfg = Debug|Any CPU
		{ADD0A13F-9D8E-4907-BBA1-0E4E89A7481C}.Debug|Any CPU.Build.0 = Debug|Any CPU
		{ADD0A13F-9D8E-4907-BBA1-0E4E89A7481C}.Release|Any CPU.ActiveCfg = Release|Any CPU
		{ADD0A13F-9D8E-4907-BBA1-0E4E89A7481C}.Release|Any CPU.Build.0 = Release|Any CPU
		{687A13C7-5996-455A-83F2-D8CAA28A9032}.Debug|Any CPU.ActiveCfg = Debug|Any CPU
		{687A13C7-5996-455A-83F2-D8CAA28A9032}.Debug|Any CPU.Build.0 = Debug|Any CPU
		{687A13C7-5996-455A-83F2-D8CAA28A9032}.Release|Any CPU.ActiveCfg = Release|Any CPU
		{687A13C7-5996-455A-83F2-D8CAA28A9032}.Release|Any CPU.Build.0 = Release|Any CPU
		{861C22D7-05F5-4AC9-ADE8-B18CD6101516}.Debug|Any CPU.ActiveCfg = Debug|Any CPU
		{861C22D7-05F5-4AC9-ADE8-B18CD6101516}.Debug|Any CPU.Build.0 = Debug|Any CPU
		{861C22D7-05F5-4AC9-ADE8-B18CD6101516}.Release|Any CPU.ActiveCfg = Release|Any CPU
		{861C22D7-05F5-4AC9-ADE8-B18CD6101516}.Release|Any CPU.Build.0 = Release|Any CPU
		{E412A694-B7BF-4633-B612-60137D401363}.Debug|Any CPU.ActiveCfg = Debug|Any CPU
		{E412A694-B7BF-4633-B612-60137D401363}.Debug|Any CPU.Build.0 = Debug|Any CPU
		{E412A694-B7BF-4633-B612-60137D401363}.Release|Any CPU.ActiveCfg = Release|Any CPU
		{E412A694-B7BF-4633-B612-60137D401363}.Release|Any CPU.Build.0 = Release|Any CPU
		{C23782BC-EF4C-4A94-BDE8-4A1B83FDFC7E}.Debug|Any CPU.ActiveCfg = Debug|Any CPU
		{C23782BC-EF4C-4A94-BDE8-4A1B83FDFC7E}.Debug|Any CPU.Build.0 = Debug|Any CPU
		{C23782BC-EF4C-4A94-BDE8-4A1B83FDFC7E}.Release|Any CPU.ActiveCfg = Release|Any CPU
		{C23782BC-EF4C-4A94-BDE8-4A1B83FDFC7E}.Release|Any CPU.Build.0 = Release|Any CPU
		{8C153439-05B7-4446-BF7F-437775B9521B}.Debug|Any CPU.ActiveCfg = Debug|Any CPU
		{8C153439-05B7-4446-BF7F-437775B9521B}.Debug|Any CPU.Build.0 = Debug|Any CPU
		{8C153439-05B7-4446-BF7F-437775B9521B}.Release|Any CPU.ActiveCfg = Release|Any CPU
		{8C153439-05B7-4446-BF7F-437775B9521B}.Release|Any CPU.Build.0 = Release|Any CPU
		{7E8275B1-672A-46F8-91F3-8803C1E46306}.Debug|Any CPU.ActiveCfg = Debug|Any CPU
		{7E8275B1-672A-46F8-91F3-8803C1E46306}.Debug|Any CPU.Build.0 = Debug|Any CPU
		{7E8275B1-672A-46F8-91F3-8803C1E46306}.Release|Any CPU.ActiveCfg = Release|Any CPU
		{7E8275B1-672A-46F8-91F3-8803C1E46306}.Release|Any CPU.Build.0 = Release|Any CPU
		{370ABE75-8DBF-453F-8435-719F6ED545E3}.Debug|Any CPU.ActiveCfg = Debug|Any CPU
		{370ABE75-8DBF-453F-8435-719F6ED545E3}.Debug|Any CPU.Build.0 = Debug|Any CPU
		{370ABE75-8DBF-453F-8435-719F6ED545E3}.Release|Any CPU.ActiveCfg = Release|Any CPU
		{370ABE75-8DBF-453F-8435-719F6ED545E3}.Release|Any CPU.Build.0 = Release|Any CPU
		{9BE401A1-2214-47F1-8A19-AC9AD76C0098}.Debug|Any CPU.ActiveCfg = Debug|Any CPU
		{9BE401A1-2214-47F1-8A19-AC9AD76C0098}.Debug|Any CPU.Build.0 = Debug|Any CPU
		{9BE401A1-2214-47F1-8A19-AC9AD76C0098}.Release|Any CPU.ActiveCfg = Release|Any CPU
		{9BE401A1-2214-47F1-8A19-AC9AD76C0098}.Release|Any CPU.Build.0 = Release|Any CPU
		{63F8DC8A-C976-4B14-91AA-12BB0E6227D4}.Debug|Any CPU.ActiveCfg = Debug|Any CPU
		{63F8DC8A-C976-4B14-91AA-12BB0E6227D4}.Debug|Any CPU.Build.0 = Debug|Any CPU
		{63F8DC8A-C976-4B14-91AA-12BB0E6227D4}.Release|Any CPU.ActiveCfg = Release|Any CPU
		{63F8DC8A-C976-4B14-91AA-12BB0E6227D4}.Release|Any CPU.Build.0 = Release|Any CPU
		{9B95FD72-70DD-4CB5-8620-466C5201B8BD}.Debug|Any CPU.ActiveCfg = Debug|Any CPU
		{9B95FD72-70DD-4CB5-8620-466C5201B8BD}.Debug|Any CPU.Build.0 = Debug|Any CPU
		{9B95FD72-70DD-4CB5-8620-466C5201B8BD}.Release|Any CPU.ActiveCfg = Release|Any CPU
		{9B95FD72-70DD-4CB5-8620-466C5201B8BD}.Release|Any CPU.Build.0 = Release|Any CPU
		{CDA1CF66-E39F-418F-A275-1BBD6A077453}.Debug|Any CPU.ActiveCfg = Debug|Any CPU
		{CDA1CF66-E39F-418F-A275-1BBD6A077453}.Debug|Any CPU.Build.0 = Debug|Any CPU
		{CDA1CF66-E39F-418F-A275-1BBD6A077453}.Release|Any CPU.ActiveCfg = Release|Any CPU
		{CDA1CF66-E39F-418F-A275-1BBD6A077453}.Release|Any CPU.Build.0 = Release|Any CPU
		{A45BF04B-61D4-4AA8-B829-3F891C13B6DB}.Debug|Any CPU.ActiveCfg = Debug|Any CPU
		{A45BF04B-61D4-4AA8-B829-3F891C13B6DB}.Debug|Any CPU.Build.0 = Debug|Any CPU
		{A45BF04B-61D4-4AA8-B829-3F891C13B6DB}.Release|Any CPU.ActiveCfg = Release|Any CPU
		{A45BF04B-61D4-4AA8-B829-3F891C13B6DB}.Release|Any CPU.Build.0 = Release|Any CPU
		{C9B6C39B-D714-49FD-AE7D-5FB186412D8A}.Debug|Any CPU.ActiveCfg = Debug|Any CPU
		{C9B6C39B-D714-49FD-AE7D-5FB186412D8A}.Debug|Any CPU.Build.0 = Debug|Any CPU
		{C9B6C39B-D714-49FD-AE7D-5FB186412D8A}.Release|Any CPU.ActiveCfg = Release|Any CPU
		{C9B6C39B-D714-49FD-AE7D-5FB186412D8A}.Release|Any CPU.Build.0 = Release|Any CPU
		{20D63131-A16E-4C0A-96FB-ECBFA7E95448}.Debug|Any CPU.ActiveCfg = Debug|Any CPU
		{20D63131-A16E-4C0A-96FB-ECBFA7E95448}.Debug|Any CPU.Build.0 = Debug|Any CPU
		{20D63131-A16E-4C0A-96FB-ECBFA7E95448}.Release|Any CPU.ActiveCfg = Release|Any CPU
		{20D63131-A16E-4C0A-96FB-ECBFA7E95448}.Release|Any CPU.Build.0 = Release|Any CPU
		{7C883191-2FBD-403B-892A-14FF1654918D}.Debug|Any CPU.ActiveCfg = Debug|Any CPU
		{7C883191-2FBD-403B-892A-14FF1654918D}.Debug|Any CPU.Build.0 = Debug|Any CPU
		{7C883191-2FBD-403B-892A-14FF1654918D}.Release|Any CPU.ActiveCfg = Release|Any CPU
		{7C883191-2FBD-403B-892A-14FF1654918D}.Release|Any CPU.Build.0 = Release|Any CPU
		{27FF899D-5D0D-4E88-BE53-6AFC2940A3B5}.Debug|Any CPU.ActiveCfg = Debug|Any CPU
		{27FF899D-5D0D-4E88-BE53-6AFC2940A3B5}.Debug|Any CPU.Build.0 = Debug|Any CPU
		{27FF899D-5D0D-4E88-BE53-6AFC2940A3B5}.Release|Any CPU.ActiveCfg = Release|Any CPU
		{27FF899D-5D0D-4E88-BE53-6AFC2940A3B5}.Release|Any CPU.Build.0 = Release|Any CPU
		{E8B94BBE-C1AF-44D1-95A1-FC1AAC79F711}.Debug|Any CPU.ActiveCfg = Debug|Any CPU
		{E8B94BBE-C1AF-44D1-95A1-FC1AAC79F711}.Debug|Any CPU.Build.0 = Debug|Any CPU
		{E8B94BBE-C1AF-44D1-95A1-FC1AAC79F711}.Release|Any CPU.ActiveCfg = Release|Any CPU
		{E8B94BBE-C1AF-44D1-95A1-FC1AAC79F711}.Release|Any CPU.Build.0 = Release|Any CPU
	EndGlobalSection
	GlobalSection(NestedProjects) = preSolution
		{E38C2584-8F0A-481C-B668-1DC91A31CF9E} = {CDB9D180-8C4D-4506-8361-4F560D1E6746}
		{86DCBC58-2351-4730-A500-684753C8DAAE} = {CDB9D180-8C4D-4506-8361-4F560D1E6746}
		{0E668B24-A62C-4AE3-A725-27A05238A403} = {8BA88C37-B258-4DD6-941F-4913FB7F96C2}
		{E3EEF33E-D536-4084-9AD7-C4654E0A3857} = {8BA88C37-B258-4DD6-941F-4913FB7F96C2}
		{8867EE00-6581-4EE0-AC50-F1946D3B852B} = {C69CDE77-3860-4BC8-9ABD-A7F5C2416ECD}
		{ACD14402-AAF4-4875-A94C-E4137F037E34} = {C69CDE77-3860-4BC8-9ABD-A7F5C2416ECD}
		{5169F477-31B7-40C2-B8CE-A5BE9D6318D5} = {C69CDE77-3860-4BC8-9ABD-A7F5C2416ECD}
		{091EB29B-5064-4D0C-93FA-E55DB331BAAA} = {C843B1D1-C099-4486-AF34-A5D8412244F6}
		{9369C7F0-A0D7-4F0F-BACF-6A3E6CC8AEAA} = {C843B1D1-C099-4486-AF34-A5D8412244F6}
		{AF455105-4F9D-4CB1-BB3F-08F8E5EB7188} = {C843B1D1-C099-4486-AF34-A5D8412244F6}
		{7D21F6F8-BEE6-4166-9782-5C7CA9B790BA} = {55AA5FC3-2145-4CCB-891E-F2FF721883C0}
		{BB5985FE-10A5-4D6E-B961-D93F19EBCB23} = {55AA5FC3-2145-4CCB-891E-F2FF721883C0}
		{8BFDF954-F135-48FF-AFC0-6E41B5B68573} = {55AA5FC3-2145-4CCB-891E-F2FF721883C0}
		{61D2E6FF-E421-44EA-9C67-F67ADDD9B249} = {55AA5FC3-2145-4CCB-891E-F2FF721883C0}
		{9F87BF24-577F-426E-B308-F4E93A33FE02} = {C046596C-9429-454B-AEAE-D558D6E8158F}
		{3A8C7CA2-FDE1-49C6-9183-7E6A9ED2003F} = {C046596C-9429-454B-AEAE-D558D6E8158F}
		{36AC311F-34FF-4BF0-B144-AA50A2A19EB3} = {88C9719D-3D76-4027-86E1-AD64B28962BA}
		{77C42B7C-AEAE-411B-9335-F4A521AAD879} = {88C9719D-3D76-4027-86E1-AD64B28962BA}
		{ADD0A13F-9D8E-4907-BBA1-0E4E89A7481C} = {88C9719D-3D76-4027-86E1-AD64B28962BA}
		{687A13C7-5996-455A-83F2-D8CAA28A9032} = {9CB0FB67-2D69-43AE-ADC4-2330419B2B1A}
		{861C22D7-05F5-4AC9-ADE8-B18CD6101516} = {9CB0FB67-2D69-43AE-ADC4-2330419B2B1A}
		{E412A694-B7BF-4633-B612-60137D401363} = {BFF493EC-5867-42F0-AC3A-C0701B92B552}
		{C23782BC-EF4C-4A94-BDE8-4A1B83FDFC7E} = {BFF493EC-5867-42F0-AC3A-C0701B92B552}
		{8C153439-05B7-4446-BF7F-437775B9521B} = {D986BA75-F59B-499A-ADC5-D917765BC68D}
		{7E8275B1-672A-46F8-91F3-8803C1E46306} = {BE1641D9-9D6C-4B7C-96F1-5E6B09BC7816}
		{370ABE75-8DBF-453F-8435-719F6ED545E3} = {B9CB9EEA-2AC9-439A-A957-B09FE93383EB}
		{9BE401A1-2214-47F1-8A19-AC9AD76C0098} = {B9CB9EEA-2AC9-439A-A957-B09FE93383EB}
		{63F8DC8A-C976-4B14-91AA-12BB0E6227D4} = {B9CB9EEA-2AC9-439A-A957-B09FE93383EB}
		{9B95FD72-70DD-4CB5-8620-466C5201B8BD} = {B26FE6BE-C6CB-4617-965E-6CB9A8EA9749}
		{CDA1CF66-E39F-418F-A275-1BBD6A077453} = {B26FE6BE-C6CB-4617-965E-6CB9A8EA9749}
		{A45BF04B-61D4-4AA8-B829-3F891C13B6DB} = {B6F14DE9-1EC2-435D-8864-020E6BB2D1F5}
		{C9B6C39B-D714-49FD-AE7D-5FB186412D8A} = {35C88A6B-8460-4EBF-A3F7-E3980F5A444A}
		{20D63131-A16E-4C0A-96FB-ECBFA7E95448} = {33DF30BE-2045-4A4D-9145-0E7000C922FD}
		{7C883191-2FBD-403B-892A-14FF1654918D} = {33DF30BE-2045-4A4D-9145-0E7000C922FD}
		{27FF899D-5D0D-4E88-BE53-6AFC2940A3B5} = {B006BB08-6CDD-4420-81CE-0297942659C4}
		{E8B94BBE-C1AF-44D1-95A1-FC1AAC79F711} = {8C2B0C2B-E565-49F3-9C29-BD5108B0F6A9}
	EndGlobalSection
EndGlobal
