
Microsoft Visual Studio Solution File, Format Version 12.00
# Visual Studio 2013
VisualStudioVersion = 12.0.0.0
MinimumVisualStudioVersion = 10.0.0.1
Project("{FAE04EC0-301F-11D3-BF4B-00C04F79EFBC}") = "Tests", "Tests\Tests.csproj", "{2A9ADA4A-A0C1-4A2D-973F-38E1EE864830}"
EndProject
Project("{2150E333-8FDC-42A3-9474-1A3956D46DE8}") = "Logging", "Logging", "{FDB870DB-D160-40A5-86F2-D825A032ED3B}"
EndProject
Project("{FAE04EC0-301F-11D3-BF4B-00C04F79EFBC}") = "DesperateDevs.Logging", "DesperateDevs.Logging\DesperateDevs.Logging.csproj", "{219375E3-8AA6-4A75-8F9A-297D23E34D8C}"
EndProject
Project("{FAE04EC0-301F-11D3-BF4B-00C04F79EFBC}") = "DesperateDevs.Logging.Appenders", "DesperateDevs.Logging.Appenders\DesperateDevs.Logging.Appenders.csproj", "{6956F131-5EB4-48B4-8E65-F9CDB88BB0C2}"
EndProject
Project("{FAE04EC0-301F-11D3-BF4B-00C04F79EFBC}") = "DesperateDevs.Logging.Formatters", "DesperateDevs.Logging.Formatters\DesperateDevs.Logging.Formatters.csproj", "{2135CBAE-A0E3-4715-8969-246DCE3E7538}"
EndProject
Project("{FAE04EC0-301F-11D3-BF4B-00C04F79EFBC}") = "DesperateDevs.CLI.Utils", "DesperateDevs.CLI.Utils\DesperateDevs.CLI.Utils.csproj", "{C62F56CD-83AA-428B-B75B-6EE5654CF56D}"
EndProject
Project("{FAE04EC0-301F-11D3-BF4B-00C04F79EFBC}") = "DesperateDevs.Networking", "DesperateDevs.Networking\DesperateDevs.Networking.csproj", "{925D6640-CB5A-4833-85FE-63332651880A}"
EndProject
Project("{2150E333-8FDC-42A3-9474-1A3956D46DE8}") = "Networking", "Networking", "{24A9D56B-1A59-4480-8DF2-8294F6BDE996}"
EndProject
Project("{FAE04EC0-301F-11D3-BF4B-00C04F79EFBC}") = "DesperateDevs.Networking.CLI", "DesperateDevs.Networking.CLI\DesperateDevs.Networking.CLI.csproj", "{64AE0FE5-CD14-4797-9566-93065CDB1A98}"
EndProject
Project("{2150E333-8FDC-42A3-9474-1A3956D46DE8}") = "CodeGeneration", "CodeGeneration", "{6CB85EC2-C312-4303-B2E9-E6A9F8D151CE}"
EndProject
Project("{FAE04EC0-301F-11D3-BF4B-00C04F79EFBC}") = "DesperateDevs.CodeGeneration", "DesperateDevs.CodeGeneration\DesperateDevs.CodeGeneration.csproj", "{43857640-7F48-49C7-89C9-B06305B82076}"
EndProject
Project("{FAE04EC0-301F-11D3-BF4B-00C04F79EFBC}") = "DesperateDevs.Utils", "DesperateDevs.Utils\DesperateDevs.Utils.csproj", "{F81E2E63-8F15-43D9-85C0-57237ED42250}"
EndProject
Project("{FAE04EC0-301F-11D3-BF4B-00C04F79EFBC}") = "DesperateDevs.CodeGeneration.CodeGenerator", "DesperateDevs.CodeGeneration.CodeGenerator\DesperateDevs.CodeGeneration.CodeGenerator.csproj", "{7AFE3A5A-6CB5-4738-972A-458A16BC19AC}"
EndProject
Project("{FAE04EC0-301F-11D3-BF4B-00C04F79EFBC}") = "DesperateDevs.Serialization", "DesperateDevs.Serialization\DesperateDevs.Serialization.csproj", "{3F7A0EC0-ECFE-4DA5-A02F-C716AD8F0817}"
EndProject
Project("{FAE04EC0-301F-11D3-BF4B-00C04F79EFBC}") = "TestDependencyBase", "Tests\Fixtures\TestDependencyBase\TestDependencyBase.csproj", "{28BC9316-3F92-4582-B406-AA0A59F21B78}"
EndProject
Project("{FAE04EC0-301F-11D3-BF4B-00C04F79EFBC}") = "TestDependency", "Tests\Fixtures\TestDependency\TestDependency.csproj", "{808F26D9-78F6-45EE-9849-646419B796F0}"
EndProject
Project("{2150E333-8FDC-42A3-9474-1A3956D46DE8}") = "Fixtures", "Fixtures", "{FF9FB1B0-6DD7-4081-9641-190F96CFC67C}"
EndProject
Project("{FAE04EC0-301F-11D3-BF4B-00C04F79EFBC}") = "TestFixtures", "Tests\Fixtures\TestFixtures\TestFixtures.csproj", "{101F0979-50F9-41EA-8D22-87AE185B8489}"
EndProject
Project("{FAE04EC0-301F-11D3-BF4B-00C04F79EFBC}") = "DesperateDevs.CodeGeneration.CodeGenerator.CLI", "DesperateDevs.CodeGeneration.CodeGenerator.CLI\DesperateDevs.CodeGeneration.CodeGenerator.CLI.csproj", "{1756FF43-3283-47DB-B8DA-B59C8B1BD323}"
EndProject
Project("{FAE04EC0-301F-11D3-BF4B-00C04F79EFBC}") = "DesperateDevs.CodeGeneration.Plugins", "DesperateDevs.CodeGeneration.Plugins\DesperateDevs.CodeGeneration.Plugins.csproj", "{A2006188-6384-4439-9AA4-9E007CBF83D7}"
EndProject
Project("{FAE04EC0-301F-11D3-BF4B-00C04F79EFBC}") = "TestUpdateCSProjPostProcessor", "Tests\Fixtures\TestUpdateCSProjPostProcessor\TestUpdateCSProjPostProcessor.csproj", "{DF2FD08A-2E44-40BE-8A30-CD9D4F6DB65C}"
EndProject
Project("{2150E333-8FDC-42A3-9474-1A3956D46DE8}") = "Unity", "Unity", "{45E87FEC-14D7-45B3-ADC6-BB0A1DDC1E29}"
EndProject
Project("{FAE04EC0-301F-11D3-BF4B-00C04F79EFBC}") = "DesperateDevs.Unity.Editor", "DesperateDevs.Unity.Editor\DesperateDevs.Unity.Editor.csproj", "{03F02F3C-FA1E-4749-A1F3-EC700CB60A00}"
EndProject
Project("{FAE04EC0-301F-11D3-BF4B-00C04F79EFBC}") = "DesperateDevs.CodeGeneration.CodeGenerator.Unity.Editor", "DesperateDevs.CodeGeneration.CodeGenerator.Unity.Editor\DesperateDevs.CodeGeneration.CodeGenerator.Unity.Editor.csproj", "{0FD3DB90-FEF4-47B8-B570-4FC4C19CCE38}"
EndProject
Project("{FAE04EC0-301F-11D3-BF4B-00C04F79EFBC}") = "DesperateDevs.CodeGeneration.Unity.Plugins", "DesperateDevs.CodeGeneration.Unity.Plugins\DesperateDevs.CodeGeneration.Unity.Plugins.csproj", "{81F4D3DE-825A-419A-97DC-F8E6BDBC8E12}"
EndProject
Project("{FAE04EC0-301F-11D3-BF4B-00C04F79EFBC}") = "DesperateDevs.Analytics", "DesperateDevs.Analytics\DesperateDevs.Analytics.csproj", "{6F78C75A-B1C3-45A1-B7F7-961677D0F1BD}"
EndProject
Project("{FAE04EC0-301F-11D3-BF4B-00C04F79EFBC}") = "DesperateDevs.Serialization.CLI.Utils", "DesperateDevs.Serialization.CLI.Utils\DesperateDevs.Serialization.CLI.Utils.csproj", "{B583EC30-961F-4688-B6E7-3024B2242C6A}"
EndProject
Project("{2150E333-8FDC-42A3-9474-1A3956D46DE8}") = "Tests", "Tests", "{8F0EF324-163F-40FE-A564-FF7E4AAE90B8}"
EndProject
Project("{2150E333-8FDC-42A3-9474-1A3956D46DE8}") = "DesperateDevs", "DesperateDevs", "{A58AD823-DB93-4B01-B315-4EFCE6A5CC0D}"
EndProject
Project("{2150E333-8FDC-42A3-9474-1A3956D46DE8}") = "Utils", "Utils", "{6A402825-FBB0-4331-B8F0-23DBF1383867}"
EndProject
Project("{FAE04EC0-301F-11D3-BF4B-00C04F79EFBC}") = "DesperateDevs.Roslyn", "DesperateDevs.Roslyn\DesperateDevs.Roslyn.csproj", "{4B3AF826-83C2-4268-958A-9CA4779A7C57}"
EndProject
Project("{2150E333-8FDC-42A3-9474-1A3956D46DE8}") = "Roslyn", "Roslyn", "{6EBF59ED-23A9-4ED9-8B79-1D15DC0C9549}"
EndProject
Project("{FAE04EC0-301F-11D3-BF4B-00C04F79EFBC}") = "DesperateDevs.Roslyn.CodeGeneration.Plugins", "DesperateDevs.Roslyn.CodeGeneration.Plugins\DesperateDevs.Roslyn.CodeGeneration.Plugins.csproj", "{8C4501F4-0820-4A55-9DED-66F01027CC64}"
EndProject
Project("{2150E333-8FDC-42A3-9474-1A3956D46DE8}") = "Threading", "Threading", "{485A9269-94CB-440F-BE27-BBB2FC7C2AEA}"
EndProject
Project("{FAE04EC0-301F-11D3-BF4B-00C04F79EFBC}") = "DesperateDevs.Threading", "DesperateDevs.Threading\DesperateDevs.Threading.csproj", "{88014F63-EFE9-4F03-B5FA-3539AAD20D21}"
EndProject
Project("{FAE04EC0-301F-11D3-BF4B-00C04F79EFBC}") = "DesperateDevs.Threading.Promises", "DesperateDevs.Threading.Promises\DesperateDevs.Threading.Promises.csproj", "{FBEEF8E7-544D-4043-BC74-064E62E88E2A}"
EndProject
Project("{FAE04EC0-301F-11D3-BF4B-00C04F79EFBC}") = "DesperateDevs.Threading.Promises.Unity", "DesperateDevs.Threading.Promises.Unity\DesperateDevs.Threading.Promises.Unity.csproj", "{8221CB5F-A82A-452A-A201-C04C6424B6F2}"
EndProject
Project("{FAE04EC0-301F-11D3-BF4B-00C04F79EFBC}") = "DesperateDevs.Unity", "DesperateDevs.Unity\DesperateDevs.Unity.csproj", "{1C26CEE8-3C1F-4F32-B57D-C7EE80CFDF2C}"
EndProject
Project("{FAE04EC0-301F-11D3-BF4B-00C04F79EFBC}") = "CLITester", "Tests\Fixtures\CLITester\CLITester.csproj", "{75E12D2B-BE13-4382-94FC-119FA06CEB6B}"
EndProject
Global
	GlobalSection(SolutionConfigurationPlatforms) = preSolution
		Debug|Any CPU = Debug|Any CPU
		Release|Any CPU = Release|Any CPU
	EndGlobalSection
	GlobalSection(ProjectConfigurationPlatforms) = postSolution
		{2A9ADA4A-A0C1-4A2D-973F-38E1EE864830}.Debug|Any CPU.ActiveCfg = Debug|Any CPU
		{2A9ADA4A-A0C1-4A2D-973F-38E1EE864830}.Debug|Any CPU.Build.0 = Debug|Any CPU
		{2A9ADA4A-A0C1-4A2D-973F-38E1EE864830}.Release|Any CPU.ActiveCfg = Release|Any CPU
		{2A9ADA4A-A0C1-4A2D-973F-38E1EE864830}.Release|Any CPU.Build.0 = Release|Any CPU
		{219375E3-8AA6-4A75-8F9A-297D23E34D8C}.Debug|Any CPU.ActiveCfg = Debug|Any CPU
		{219375E3-8AA6-4A75-8F9A-297D23E34D8C}.Debug|Any CPU.Build.0 = Debug|Any CPU
		{219375E3-8AA6-4A75-8F9A-297D23E34D8C}.Release|Any CPU.ActiveCfg = Release|Any CPU
		{219375E3-8AA6-4A75-8F9A-297D23E34D8C}.Release|Any CPU.Build.0 = Release|Any CPU
		{6956F131-5EB4-48B4-8E65-F9CDB88BB0C2}.Debug|Any CPU.ActiveCfg = Debug|Any CPU
		{6956F131-5EB4-48B4-8E65-F9CDB88BB0C2}.Debug|Any CPU.Build.0 = Debug|Any CPU
		{6956F131-5EB4-48B4-8E65-F9CDB88BB0C2}.Release|Any CPU.ActiveCfg = Release|Any CPU
		{6956F131-5EB4-48B4-8E65-F9CDB88BB0C2}.Release|Any CPU.Build.0 = Release|Any CPU
		{2135CBAE-A0E3-4715-8969-246DCE3E7538}.Debug|Any CPU.ActiveCfg = Debug|Any CPU
		{2135CBAE-A0E3-4715-8969-246DCE3E7538}.Debug|Any CPU.Build.0 = Debug|Any CPU
		{2135CBAE-A0E3-4715-8969-246DCE3E7538}.Release|Any CPU.ActiveCfg = Release|Any CPU
		{2135CBAE-A0E3-4715-8969-246DCE3E7538}.Release|Any CPU.Build.0 = Release|Any CPU
		{C62F56CD-83AA-428B-B75B-6EE5654CF56D}.Debug|Any CPU.ActiveCfg = Debug|Any CPU
		{C62F56CD-83AA-428B-B75B-6EE5654CF56D}.Debug|Any CPU.Build.0 = Debug|Any CPU
		{C62F56CD-83AA-428B-B75B-6EE5654CF56D}.Release|Any CPU.ActiveCfg = Release|Any CPU
		{C62F56CD-83AA-428B-B75B-6EE5654CF56D}.Release|Any CPU.Build.0 = Release|Any CPU
		{925D6640-CB5A-4833-85FE-63332651880A}.Debug|Any CPU.ActiveCfg = Debug|Any CPU
		{925D6640-CB5A-4833-85FE-63332651880A}.Debug|Any CPU.Build.0 = Debug|Any CPU
		{925D6640-CB5A-4833-85FE-63332651880A}.Release|Any CPU.ActiveCfg = Release|Any CPU
		{925D6640-CB5A-4833-85FE-63332651880A}.Release|Any CPU.Build.0 = Release|Any CPU
		{64AE0FE5-CD14-4797-9566-93065CDB1A98}.Debug|Any CPU.ActiveCfg = Debug|Any CPU
		{64AE0FE5-CD14-4797-9566-93065CDB1A98}.Debug|Any CPU.Build.0 = Debug|Any CPU
		{64AE0FE5-CD14-4797-9566-93065CDB1A98}.Release|Any CPU.ActiveCfg = Release|Any CPU
		{64AE0FE5-CD14-4797-9566-93065CDB1A98}.Release|Any CPU.Build.0 = Release|Any CPU
		{43857640-7F48-49C7-89C9-B06305B82076}.Debug|Any CPU.ActiveCfg = Debug|Any CPU
		{43857640-7F48-49C7-89C9-B06305B82076}.Debug|Any CPU.Build.0 = Debug|Any CPU
		{43857640-7F48-49C7-89C9-B06305B82076}.Release|Any CPU.ActiveCfg = Release|Any CPU
		{43857640-7F48-49C7-89C9-B06305B82076}.Release|Any CPU.Build.0 = Release|Any CPU
		{F81E2E63-8F15-43D9-85C0-57237ED42250}.Debug|Any CPU.ActiveCfg = Debug|Any CPU
		{F81E2E63-8F15-43D9-85C0-57237ED42250}.Debug|Any CPU.Build.0 = Debug|Any CPU
		{F81E2E63-8F15-43D9-85C0-57237ED42250}.Release|Any CPU.ActiveCfg = Release|Any CPU
		{F81E2E63-8F15-43D9-85C0-57237ED42250}.Release|Any CPU.Build.0 = Release|Any CPU
		{7AFE3A5A-6CB5-4738-972A-458A16BC19AC}.Debug|Any CPU.ActiveCfg = Debug|Any CPU
		{7AFE3A5A-6CB5-4738-972A-458A16BC19AC}.Debug|Any CPU.Build.0 = Debug|Any CPU
		{7AFE3A5A-6CB5-4738-972A-458A16BC19AC}.Release|Any CPU.ActiveCfg = Release|Any CPU
		{7AFE3A5A-6CB5-4738-972A-458A16BC19AC}.Release|Any CPU.Build.0 = Release|Any CPU
		{3F7A0EC0-ECFE-4DA5-A02F-C716AD8F0817}.Debug|Any CPU.ActiveCfg = Debug|Any CPU
		{3F7A0EC0-ECFE-4DA5-A02F-C716AD8F0817}.Debug|Any CPU.Build.0 = Debug|Any CPU
		{3F7A0EC0-ECFE-4DA5-A02F-C716AD8F0817}.Release|Any CPU.ActiveCfg = Release|Any CPU
		{3F7A0EC0-ECFE-4DA5-A02F-C716AD8F0817}.Release|Any CPU.Build.0 = Release|Any CPU
		{28BC9316-3F92-4582-B406-AA0A59F21B78}.Debug|Any CPU.ActiveCfg = Debug|Any CPU
		{28BC9316-3F92-4582-B406-AA0A59F21B78}.Debug|Any CPU.Build.0 = Debug|Any CPU
		{28BC9316-3F92-4582-B406-AA0A59F21B78}.Release|Any CPU.ActiveCfg = Release|Any CPU
		{28BC9316-3F92-4582-B406-AA0A59F21B78}.Release|Any CPU.Build.0 = Release|Any CPU
		{808F26D9-78F6-45EE-9849-646419B796F0}.Debug|Any CPU.ActiveCfg = Debug|Any CPU
		{808F26D9-78F6-45EE-9849-646419B796F0}.Debug|Any CPU.Build.0 = Debug|Any CPU
		{808F26D9-78F6-45EE-9849-646419B796F0}.Release|Any CPU.ActiveCfg = Release|Any CPU
		{808F26D9-78F6-45EE-9849-646419B796F0}.Release|Any CPU.Build.0 = Release|Any CPU
		{101F0979-50F9-41EA-8D22-87AE185B8489}.Debug|Any CPU.ActiveCfg = Debug|Any CPU
		{101F0979-50F9-41EA-8D22-87AE185B8489}.Debug|Any CPU.Build.0 = Debug|Any CPU
		{101F0979-50F9-41EA-8D22-87AE185B8489}.Release|Any CPU.ActiveCfg = Release|Any CPU
		{101F0979-50F9-41EA-8D22-87AE185B8489}.Release|Any CPU.Build.0 = Release|Any CPU
		{1756FF43-3283-47DB-B8DA-B59C8B1BD323}.Debug|Any CPU.ActiveCfg = Debug|Any CPU
		{1756FF43-3283-47DB-B8DA-B59C8B1BD323}.Debug|Any CPU.Build.0 = Debug|Any CPU
		{1756FF43-3283-47DB-B8DA-B59C8B1BD323}.Release|Any CPU.ActiveCfg = Release|Any CPU
		{1756FF43-3283-47DB-B8DA-B59C8B1BD323}.Release|Any CPU.Build.0 = Release|Any CPU
		{A2006188-6384-4439-9AA4-9E007CBF83D7}.Debug|Any CPU.ActiveCfg = Debug|Any CPU
		{A2006188-6384-4439-9AA4-9E007CBF83D7}.Debug|Any CPU.Build.0 = Debug|Any CPU
		{A2006188-6384-4439-9AA4-9E007CBF83D7}.Release|Any CPU.ActiveCfg = Release|Any CPU
		{A2006188-6384-4439-9AA4-9E007CBF83D7}.Release|Any CPU.Build.0 = Release|Any CPU
		{DF2FD08A-2E44-40BE-8A30-CD9D4F6DB65C}.Debug|Any CPU.ActiveCfg = Debug|Any CPU
		{DF2FD08A-2E44-40BE-8A30-CD9D4F6DB65C}.Debug|Any CPU.Build.0 = Debug|Any CPU
		{DF2FD08A-2E44-40BE-8A30-CD9D4F6DB65C}.Release|Any CPU.ActiveCfg = Release|Any CPU
		{DF2FD08A-2E44-40BE-8A30-CD9D4F6DB65C}.Release|Any CPU.Build.0 = Release|Any CPU
		{03F02F3C-FA1E-4749-A1F3-EC700CB60A00}.Debug|Any CPU.ActiveCfg = Debug|Any CPU
		{03F02F3C-FA1E-4749-A1F3-EC700CB60A00}.Debug|Any CPU.Build.0 = Debug|Any CPU
		{03F02F3C-FA1E-4749-A1F3-EC700CB60A00}.Release|Any CPU.ActiveCfg = Release|Any CPU
		{03F02F3C-FA1E-4749-A1F3-EC700CB60A00}.Release|Any CPU.Build.0 = Release|Any CPU
		{0FD3DB90-FEF4-47B8-B570-4FC4C19CCE38}.Debug|Any CPU.ActiveCfg = Debug|Any CPU
		{0FD3DB90-FEF4-47B8-B570-4FC4C19CCE38}.Debug|Any CPU.Build.0 = Debug|Any CPU
		{0FD3DB90-FEF4-47B8-B570-4FC4C19CCE38}.Release|Any CPU.ActiveCfg = Release|Any CPU
		{0FD3DB90-FEF4-47B8-B570-4FC4C19CCE38}.Release|Any CPU.Build.0 = Release|Any CPU
		{81F4D3DE-825A-419A-97DC-F8E6BDBC8E12}.Debug|Any CPU.ActiveCfg = Debug|Any CPU
		{81F4D3DE-825A-419A-97DC-F8E6BDBC8E12}.Debug|Any CPU.Build.0 = Debug|Any CPU
		{81F4D3DE-825A-419A-97DC-F8E6BDBC8E12}.Release|Any CPU.ActiveCfg = Release|Any CPU
		{81F4D3DE-825A-419A-97DC-F8E6BDBC8E12}.Release|Any CPU.Build.0 = Release|Any CPU
		{6F78C75A-B1C3-45A1-B7F7-961677D0F1BD}.Debug|Any CPU.ActiveCfg = Debug|Any CPU
		{6F78C75A-B1C3-45A1-B7F7-961677D0F1BD}.Debug|Any CPU.Build.0 = Debug|Any CPU
		{6F78C75A-B1C3-45A1-B7F7-961677D0F1BD}.Release|Any CPU.ActiveCfg = Release|Any CPU
		{6F78C75A-B1C3-45A1-B7F7-961677D0F1BD}.Release|Any CPU.Build.0 = Release|Any CPU
		{B583EC30-961F-4688-B6E7-3024B2242C6A}.Debug|Any CPU.ActiveCfg = Debug|Any CPU
		{B583EC30-961F-4688-B6E7-3024B2242C6A}.Debug|Any CPU.Build.0 = Debug|Any CPU
		{B583EC30-961F-4688-B6E7-3024B2242C6A}.Release|Any CPU.ActiveCfg = Release|Any CPU
		{B583EC30-961F-4688-B6E7-3024B2242C6A}.Release|Any CPU.Build.0 = Release|Any CPU
		{4B3AF826-83C2-4268-958A-9CA4779A7C57}.Debug|Any CPU.ActiveCfg = Debug|Any CPU
		{4B3AF826-83C2-4268-958A-9CA4779A7C57}.Debug|Any CPU.Build.0 = Debug|Any CPU
		{4B3AF826-83C2-4268-958A-9CA4779A7C57}.Release|Any CPU.ActiveCfg = Release|Any CPU
		{4B3AF826-83C2-4268-958A-9CA4779A7C57}.Release|Any CPU.Build.0 = Release|Any CPU
		{8C4501F4-0820-4A55-9DED-66F01027CC64}.Debug|Any CPU.ActiveCfg = Debug|Any CPU
		{8C4501F4-0820-4A55-9DED-66F01027CC64}.Debug|Any CPU.Build.0 = Debug|Any CPU
		{8C4501F4-0820-4A55-9DED-66F01027CC64}.Release|Any CPU.ActiveCfg = Release|Any CPU
		{8C4501F4-0820-4A55-9DED-66F01027CC64}.Release|Any CPU.Build.0 = Release|Any CPU
		{88014F63-EFE9-4F03-B5FA-3539AAD20D21}.Debug|Any CPU.ActiveCfg = Debug|Any CPU
		{88014F63-EFE9-4F03-B5FA-3539AAD20D21}.Debug|Any CPU.Build.0 = Debug|Any CPU
		{88014F63-EFE9-4F03-B5FA-3539AAD20D21}.Release|Any CPU.ActiveCfg = Release|Any CPU
		{88014F63-EFE9-4F03-B5FA-3539AAD20D21}.Release|Any CPU.Build.0 = Release|Any CPU
		{FBEEF8E7-544D-4043-BC74-064E62E88E2A}.Debug|Any CPU.ActiveCfg = Debug|Any CPU
		{FBEEF8E7-544D-4043-BC74-064E62E88E2A}.Debug|Any CPU.Build.0 = Debug|Any CPU
		{FBEEF8E7-544D-4043-BC74-064E62E88E2A}.Release|Any CPU.ActiveCfg = Release|Any CPU
		{FBEEF8E7-544D-4043-BC74-064E62E88E2A}.Release|Any CPU.Build.0 = Release|Any CPU
		{8221CB5F-A82A-452A-A201-C04C6424B6F2}.Debug|Any CPU.ActiveCfg = Debug|Any CPU
		{8221CB5F-A82A-452A-A201-C04C6424B6F2}.Debug|Any CPU.Build.0 = Debug|Any CPU
		{8221CB5F-A82A-452A-A201-C04C6424B6F2}.Release|Any CPU.ActiveCfg = Release|Any CPU
		{8221CB5F-A82A-452A-A201-C04C6424B6F2}.Release|Any CPU.Build.0 = Release|Any CPU
		{1C26CEE8-3C1F-4F32-B57D-C7EE80CFDF2C}.Debug|Any CPU.ActiveCfg = Debug|Any CPU
		{1C26CEE8-3C1F-4F32-B57D-C7EE80CFDF2C}.Debug|Any CPU.Build.0 = Debug|Any CPU
		{1C26CEE8-3C1F-4F32-B57D-C7EE80CFDF2C}.Release|Any CPU.ActiveCfg = Release|Any CPU
		{1C26CEE8-3C1F-4F32-B57D-C7EE80CFDF2C}.Release|Any CPU.Build.0 = Release|Any CPU
		{75E12D2B-BE13-4382-94FC-119FA06CEB6B}.Debug|Any CPU.ActiveCfg = Debug|Any CPU
		{75E12D2B-BE13-4382-94FC-119FA06CEB6B}.Debug|Any CPU.Build.0 = Debug|Any CPU
		{75E12D2B-BE13-4382-94FC-119FA06CEB6B}.Release|Any CPU.ActiveCfg = Release|Any CPU
		{75E12D2B-BE13-4382-94FC-119FA06CEB6B}.Release|Any CPU.Build.0 = Release|Any CPU
	EndGlobalSection
	GlobalSection(SolutionProperties) = preSolution
		HideSolutionNode = FALSE
	EndGlobalSection
	GlobalSection(NestedProjects) = preSolution
		{219375E3-8AA6-4A75-8F9A-297D23E34D8C} = {FDB870DB-D160-40A5-86F2-D825A032ED3B}
		{6956F131-5EB4-48B4-8E65-F9CDB88BB0C2} = {FDB870DB-D160-40A5-86F2-D825A032ED3B}
		{2135CBAE-A0E3-4715-8969-246DCE3E7538} = {FDB870DB-D160-40A5-86F2-D825A032ED3B}
		{925D6640-CB5A-4833-85FE-63332651880A} = {24A9D56B-1A59-4480-8DF2-8294F6BDE996}
		{64AE0FE5-CD14-4797-9566-93065CDB1A98} = {24A9D56B-1A59-4480-8DF2-8294F6BDE996}
		{43857640-7F48-49C7-89C9-B06305B82076} = {6CB85EC2-C312-4303-B2E9-E6A9F8D151CE}
		{7AFE3A5A-6CB5-4738-972A-458A16BC19AC} = {6CB85EC2-C312-4303-B2E9-E6A9F8D151CE}
		{808F26D9-78F6-45EE-9849-646419B796F0} = {FF9FB1B0-6DD7-4081-9641-190F96CFC67C}
		{28BC9316-3F92-4582-B406-AA0A59F21B78} = {FF9FB1B0-6DD7-4081-9641-190F96CFC67C}
		{101F0979-50F9-41EA-8D22-87AE185B8489} = {FF9FB1B0-6DD7-4081-9641-190F96CFC67C}
		{1756FF43-3283-47DB-B8DA-B59C8B1BD323} = {6CB85EC2-C312-4303-B2E9-E6A9F8D151CE}
		{A2006188-6384-4439-9AA4-9E007CBF83D7} = {6CB85EC2-C312-4303-B2E9-E6A9F8D151CE}
		{DF2FD08A-2E44-40BE-8A30-CD9D4F6DB65C} = {FF9FB1B0-6DD7-4081-9641-190F96CFC67C}
		{03F02F3C-FA1E-4749-A1F3-EC700CB60A00} = {45E87FEC-14D7-45B3-ADC6-BB0A1DDC1E29}
		{0FD3DB90-FEF4-47B8-B570-4FC4C19CCE38} = {6CB85EC2-C312-4303-B2E9-E6A9F8D151CE}
		{81F4D3DE-825A-419A-97DC-F8E6BDBC8E12} = {6CB85EC2-C312-4303-B2E9-E6A9F8D151CE}
		{2A9ADA4A-A0C1-4A2D-973F-38E1EE864830} = {8F0EF324-163F-40FE-A564-FF7E4AAE90B8}
		{FF9FB1B0-6DD7-4081-9641-190F96CFC67C} = {8F0EF324-163F-40FE-A564-FF7E4AAE90B8}
		{6CB85EC2-C312-4303-B2E9-E6A9F8D151CE} = {A58AD823-DB93-4B01-B315-4EFCE6A5CC0D}
		{FDB870DB-D160-40A5-86F2-D825A032ED3B} = {A58AD823-DB93-4B01-B315-4EFCE6A5CC0D}
		{24A9D56B-1A59-4480-8DF2-8294F6BDE996} = {A58AD823-DB93-4B01-B315-4EFCE6A5CC0D}
		{45E87FEC-14D7-45B3-ADC6-BB0A1DDC1E29} = {A58AD823-DB93-4B01-B315-4EFCE6A5CC0D}
		{6F78C75A-B1C3-45A1-B7F7-961677D0F1BD} = {A58AD823-DB93-4B01-B315-4EFCE6A5CC0D}
		{3F7A0EC0-ECFE-4DA5-A02F-C716AD8F0817} = {A58AD823-DB93-4B01-B315-4EFCE6A5CC0D}
		{6A402825-FBB0-4331-B8F0-23DBF1383867} = {A58AD823-DB93-4B01-B315-4EFCE6A5CC0D}
		{F81E2E63-8F15-43D9-85C0-57237ED42250} = {6A402825-FBB0-4331-B8F0-23DBF1383867}
		{C62F56CD-83AA-428B-B75B-6EE5654CF56D} = {6A402825-FBB0-4331-B8F0-23DBF1383867}
		{B583EC30-961F-4688-B6E7-3024B2242C6A} = {6A402825-FBB0-4331-B8F0-23DBF1383867}
		{6EBF59ED-23A9-4ED9-8B79-1D15DC0C9549} = {A58AD823-DB93-4B01-B315-4EFCE6A5CC0D}
		{4B3AF826-83C2-4268-958A-9CA4779A7C57} = {6EBF59ED-23A9-4ED9-8B79-1D15DC0C9549}
		{8C4501F4-0820-4A55-9DED-66F01027CC64} = {6EBF59ED-23A9-4ED9-8B79-1D15DC0C9549}
		{88014F63-EFE9-4F03-B5FA-3539AAD20D21} = {485A9269-94CB-440F-BE27-BBB2FC7C2AEA}
		{FBEEF8E7-544D-4043-BC74-064E62E88E2A} = {485A9269-94CB-440F-BE27-BBB2FC7C2AEA}
		{8221CB5F-A82A-452A-A201-C04C6424B6F2} = {485A9269-94CB-440F-BE27-BBB2FC7C2AEA}
		{485A9269-94CB-440F-BE27-BBB2FC7C2AEA} = {A58AD823-DB93-4B01-B315-4EFCE6A5CC0D}
		{1C26CEE8-3C1F-4F32-B57D-C7EE80CFDF2C} = {45E87FEC-14D7-45B3-ADC6-BB0A1DDC1E29}
		{75E12D2B-BE13-4382-94FC-119FA06CEB6B} = {FF9FB1B0-6DD7-4081-9641-190F96CFC67C}
	EndGlobalSection
EndGlobal
